
Microsoft Visual Studio Solution File, Format Version 12.00
# Visual Studio 2012
Project("{8BC9CEB8-8B4A-11D0-8D11-00A0C91BC942}") = "libkipr_link_depth_sensor", "libkipr_link_depth_sensor.vcxproj", "{9C4236EA-479A-4A4F-AE9B-68C947EBF05A}"
EndProject
Global
	GlobalSection(SolutionConfigurationPlatforms) = preSolution
		Debug|Win32 = Debug|Win32
		Release|Win32 = Release|Win32
	EndGlobalSection
	GlobalSection(ProjectConfigurationPlatforms) = postSolution
		{9C4236EA-479A-4A4F-AE9B-68C947EBF05A}.Debug|Win32.ActiveCfg = Debug|Win32
		{9C4236EA-479A-4A4F-AE9B-68C947EBF05A}.Debug|Win32.Build.0 = Debug|Win32
		{9C4236EA-479A-4A4F-AE9B-68C947EBF05A}.Release|Win32.ActiveCfg = Release|Win32
		{9C4236EA-479A-4A4F-AE9B-68C947EBF05A}.Release|Win32.Build.0 = Release|Win32
	EndGlobalSection
	GlobalSection(SolutionProperties) = preSolution
		HideSolutionNode = FALSE
	EndGlobalSection
EndGlobal
